
Microsoft Visual Studio Solution File, Format Version 12.00
# Visual Studio Version 16
VisualStudioVersion = 16.0.30011.22
MinimumVisualStudioVersion = 10.0.40219.1
Project("{9A19103F-16F7-4668-BE54-9A1E7A4F7556}") = "Paymee.API", "Paymee.API\Paymee.API.csproj", "{EC3A5149-5D2F-468A-84F6-CA1A383DF6DB}"
EndProject
Global
	GlobalSection(SolutionConfigurationPlatforms) = preSolution
		Debug|Any CPU = Debug|Any CPU
		Release|Any CPU = Release|Any CPU
	EndGlobalSection
	GlobalSection(ProjectConfigurationPlatforms) = postSolution
		{EC3A5149-5D2F-468A-84F6-CA1A383DF6DB}.Debug|Any CPU.ActiveCfg = Debug|Any CPU
		{EC3A5149-5D2F-468A-84F6-CA1A383DF6DB}.Debug|Any CPU.Build.0 = Debug|Any CPU
		{EC3A5149-5D2F-468A-84F6-CA1A383DF6DB}.Release|Any CPU.ActiveCfg = Release|Any CPU
		{EC3A5149-5D2F-468A-84F6-CA1A383DF6DB}.Release|Any CPU.Build.0 = Release|Any CPU
	EndGlobalSection
	GlobalSection(SolutionProperties) = preSolution
		HideSolutionNode = FALSE
	EndGlobalSection
	GlobalSection(ExtensibilityGlobals) = postSolution
		SolutionGuid = {8BBDEF02-391B-4F56-9FE2-2FB168D29AB8}
	EndGlobalSection
EndGlobal
